
Microsoft Visual Studio Solution File, Format Version 12.00
# Visual Studio Version 16
VisualStudioVersion = 16.0.29201.188
MinimumVisualStudioVersion = 10.0.40219.1
Project("{FAE04EC0-301F-11D3-BF4B-00C04F79EFBC}") = "shop", "shop\shop.csproj", "{B48F28A4-5185-4BF2-8D04-0496E037F906}"
EndProject
Global
	GlobalSection(SolutionConfigurationPlatforms) = preSolution
		Debug|Any CPU = Debug|Any CPU
		Release|Any CPU = Release|Any CPU
	EndGlobalSection
	GlobalSection(ProjectConfigurationPlatforms) = postSolution
		{B48F28A4-5185-4BF2-8D04-0496E037F906}.Debug|Any CPU.ActiveCfg = Debug|Any CPU
		{B48F28A4-5185-4BF2-8D04-0496E037F906}.Debug|Any CPU.Build.0 = Debug|Any CPU
		{B48F28A4-5185-4BF2-8D04-0496E037F906}.Release|Any CPU.ActiveCfg = Release|Any CPU
		{B48F28A4-5185-4BF2-8D04-0496E037F906}.Release|Any CPU.Build.0 = Release|Any CPU
	EndGlobalSection
	GlobalSection(SolutionProperties) = preSolution
		HideSolutionNode = FALSE
	EndGlobalSection
	GlobalSection(ExtensibilityGlobals) = postSolution
		SolutionGuid = {345A7BDE-6F04-4A83-9D08-65CBBD736B1D}
	EndGlobalSection
EndGlobal
